
Microsoft Visual Studio Solution File, Format Version 12.00
# Visual Studio Version 17
VisualStudioVersion = 17.2.32516.85
MinimumVisualStudioVersion = 10.0.40219.1
Project("{9A19103F-16F7-4668-BE54-9A1E7A4F7556}") = "reSep3Client", "reSep3Client\reSep3Client.csproj", "{1787BED3-42AC-4B71-898E-395F8350FDF6}"
EndProject
Global
	GlobalSection(SolutionConfigurationPlatforms) = preSolution
		Debug|Any CPU = Debug|Any CPU
		Release|Any CPU = Release|Any CPU
	EndGlobalSection
	GlobalSection(ProjectConfigurationPlatforms) = postSolution
		{1787BED3-42AC-4B71-898E-395F8350FDF6}.Debug|Any CPU.ActiveCfg = Debug|Any CPU
		{1787BED3-42AC-4B71-898E-395F8350FDF6}.Debug|Any CPU.Build.0 = Debug|Any CPU
		{1787BED3-42AC-4B71-898E-395F8350FDF6}.Release|Any CPU.ActiveCfg = Release|Any CPU
		{1787BED3-42AC-4B71-898E-395F8350FDF6}.Release|Any CPU.Build.0 = Release|Any CPU
	EndGlobalSection
	GlobalSection(SolutionProperties) = preSolution
		HideSolutionNode = FALSE
	EndGlobalSection
	GlobalSection(ExtensibilityGlobals) = postSolution
		SolutionGuid = {8E4427BE-C1F8-4F92-9492-49200FA0813C}
	EndGlobalSection
EndGlobal
